
Microsoft Visual Studio Solution File, Format Version 12.00
# Visual Studio Version 17
VisualStudioVersion = 17.4.33122.133
MinimumVisualStudioVersion = 10.0.40219.1
Project("{FAE04EC0-301F-11D3-BF4B-00C04F79EFBC}") = "CleanArchMvc.Domain", "CleanArchMvc.Domain\CleanArchMvc.Domain.csproj", "{B8E884C9-B244-4959-ADE3-566523D670CC}"
EndProject
Project("{FAE04EC0-301F-11D3-BF4B-00C04F79EFBC}") = "CleanArchMvc.Application", "CleanArchMvc.Application\CleanArchMvc.Application.csproj", "{D1EED470-74C7-423E-80F5-D5A367C8387D}"
EndProject
Project("{FAE04EC0-301F-11D3-BF4B-00C04F79EFBC}") = "CleanArchMvc.Infra.Data", "CleanArchMvc.Infra.Data\CleanArchMvc.Infra.Data.csproj", "{6D13CA92-5ACA-42A8-A007-D0979182B34A}"
EndProject
Project("{FAE04EC0-301F-11D3-BF4B-00C04F79EFBC}") = "CleanArchMvc.Infra.IoC", "CleanArchMvc.Infra.Ioc\CleanArchMvc.Infra.IoC.csproj", "{8A0C3C34-31B8-4151-8274-CB0DD777147D}"
EndProject
Project("{FAE04EC0-301F-11D3-BF4B-00C04F79EFBC}") = "CleanArchMvc.WebUI", "CleanArchMvc.WebUI\CleanArchMvc.WebUI.csproj", "{425E98ED-2424-43E3-8811-241097F29D92}"
EndProject
Global
	GlobalSection(SolutionConfigurationPlatforms) = preSolution
		Debug|Any CPU = Debug|Any CPU
		Release|Any CPU = Release|Any CPU
	EndGlobalSection
	GlobalSection(ProjectConfigurationPlatforms) = postSolution
		{B8E884C9-B244-4959-ADE3-566523D670CC}.Debug|Any CPU.ActiveCfg = Debug|Any CPU
		{B8E884C9-B244-4959-ADE3-566523D670CC}.Debug|Any CPU.Build.0 = Debug|Any CPU
		{B8E884C9-B244-4959-ADE3-566523D670CC}.Release|Any CPU.ActiveCfg = Release|Any CPU
		{B8E884C9-B244-4959-ADE3-566523D670CC}.Release|Any CPU.Build.0 = Release|Any CPU
		{D1EED470-74C7-423E-80F5-D5A367C8387D}.Debug|Any CPU.ActiveCfg = Debug|Any CPU
		{D1EED470-74C7-423E-80F5-D5A367C8387D}.Debug|Any CPU.Build.0 = Debug|Any CPU
		{D1EED470-74C7-423E-80F5-D5A367C8387D}.Release|Any CPU.ActiveCfg = Release|Any CPU
		{D1EED470-74C7-423E-80F5-D5A367C8387D}.Release|Any CPU.Build.0 = Release|Any CPU
		{6D13CA92-5ACA-42A8-A007-D0979182B34A}.Debug|Any CPU.ActiveCfg = Debug|Any CPU
		{6D13CA92-5ACA-42A8-A007-D0979182B34A}.Debug|Any CPU.Build.0 = Debug|Any CPU
		{6D13CA92-5ACA-42A8-A007-D0979182B34A}.Release|Any CPU.ActiveCfg = Release|Any CPU
		{6D13CA92-5ACA-42A8-A007-D0979182B34A}.Release|Any CPU.Build.0 = Release|Any CPU
		{8A0C3C34-31B8-4151-8274-CB0DD777147D}.Debug|Any CPU.ActiveCfg = Debug|Any CPU
		{8A0C3C34-31B8-4151-8274-CB0DD777147D}.Debug|Any CPU.Build.0 = Debug|Any CPU
		{8A0C3C34-31B8-4151-8274-CB0DD777147D}.Release|Any CPU.ActiveCfg = Release|Any CPU
		{8A0C3C34-31B8-4151-8274-CB0DD777147D}.Release|Any CPU.Build.0 = Release|Any CPU
		{425E98ED-2424-43E3-8811-241097F29D92}.Debug|Any CPU.ActiveCfg = Debug|Any CPU
		{425E98ED-2424-43E3-8811-241097F29D92}.Debug|Any CPU.Build.0 = Debug|Any CPU
		{425E98ED-2424-43E3-8811-241097F29D92}.Release|Any CPU.ActiveCfg = Release|Any CPU
		{425E98ED-2424-43E3-8811-241097F29D92}.Release|Any CPU.Build.0 = Release|Any CPU
	EndGlobalSection
	GlobalSection(SolutionProperties) = preSolution
		HideSolutionNode = FALSE
	EndGlobalSection
	GlobalSection(ExtensibilityGlobals) = postSolution
		SolutionGuid = {ED8E8732-5837-4193-BAF9-8D20DC438710}
	EndGlobalSection
EndGlobal
